// !$*UTF8*$!
{
	archiveVersion = 1;
	classes = {
	};
	objectVersion = 51;
	objects = {

/* Begin PBXBuildFile section */
		5CC62CB2231FA23B00A0F4E3 /* AppDelegate.swift in Sources */ = {isa = PBXBuildFile; fileRef = 5CC62CB1231FA23B00A0F4E3 /* AppDelegate.swift */; };
		5CC62CB4231FA23B00A0F4E3 /* SceneDelegate.swift in Sources */ = {isa = PBXBuildFile; fileRef = 5CC62CB3231FA23B00A0F4E3 /* SceneDelegate.swift */; };
		5CC62CB6231FA23B00A0F4E3 /* NewsViewController.swift in Sources */ = {isa = PBXBuildFile; fileRef = 5CC62CB5231FA23B00A0F4E3 /* NewsViewController.swift */; };
		5CC62CB9231FA23B00A0F4E3 /* Main.storyboard in Resources */ = {isa = PBXBuildFile; fileRef = 5CC62CB7231FA23B00A0F4E3 /* Main.storyboard */; };
		5CC62CBB231FA23D00A0F4E3 /* Assets.xcassets in Resources */ = {isa = PBXBuildFile; fileRef = 5CC62CBA231FA23D00A0F4E3 /* Assets.xcassets */; };
		5CC62CBE231FA23D00A0F4E3 /* LaunchScreen.storyboard in Resources */ = {isa = PBXBuildFile; fileRef = 5CC62CBC231FA23D00A0F4E3 /* LaunchScreen.storyboard */; };
		5CC62CCA231FB6B800A0F4E3 /* Article.swift in Sources */ = {isa = PBXBuildFile; fileRef = 5CC62CC9231FB6B800A0F4E3 /* Article.swift */; };
		5CC62CCC231FB8FC00A0F4E3 /* ArticleViewController.swift in Sources */ = {isa = PBXBuildFile; fileRef = 5CC62CCB231FB8FC00A0F4E3 /* ArticleViewController.swift */; };
		5CC62CD1231FBC6200A0F4E3 /* ArticleViewCell.swift in Sources */ = {isa = PBXBuildFile; fileRef = 5CC62CCF231FBC6200A0F4E3 /* ArticleViewCell.swift */; };
		5CC62CD2231FBC6200A0F4E3 /* ArticleViewCell.xib in Resources */ = {isa = PBXBuildFile; fileRef = 5CC62CD0231FBC6200A0F4E3 /* ArticleViewCell.xib */; };
		5CC62CD4231FF2D000A0F4E3 /* TestInternetConnection.swift in Sources */ = {isa = PBXBuildFile; fileRef = 5CC62CD3231FF2D000A0F4E3 /* TestInternetConnection.swift */; };
		87776440D3B3CA68A5845B2E /* Pods_MyNews.framework in Frameworks */ = {isa = PBXBuildFile; fileRef = 01DC16C571FB8F6495D9B440 /* Pods_MyNews.framework */; };
/* End PBXBuildFile section */

/* Begin PBXFileReference section */
		01DC16C571FB8F6495D9B440 /* Pods_MyNews.framework */ = {isa = PBXFileReference; explicitFileType = wrapper.framework; includeInIndex = 0; path = Pods_MyNews.framework; sourceTree = BUILT_PRODUCTS_DIR; };
		5CC62CAE231FA23B00A0F4E3 /* MyNews.app */ = {isa = PBXFileReference; explicitFileType = wrapper.application; includeInIndex = 0; path = MyNews.app; sourceTree = BUILT_PRODUCTS_DIR; };
		5CC62CB1231FA23B00A0F4E3 /* AppDelegate.swift */ = {isa = PBXFileReference; lastKnownFileType = sourcecode.swift; path = AppDelegate.swift; sourceTree = "<group>"; };
		5CC62CB3231FA23B00A0F4E3 /* SceneDelegate.swift */ = {isa = PBXFileReference; lastKnownFileType = sourcecode.swift; path = SceneDelegate.swift; sourceTree = "<group>"; };
		5CC62CB5231FA23B00A0F4E3 /* NewsViewController.swift */ = {isa = PBXFileReference; lastKnownFileType = sourcecode.swift; path = NewsViewController.swift; sourceTree = "<group>"; };
		5CC62CB8231FA23B00A0F4E3 /* Base */ = {isa = PBXFileReference; lastKnownFileType = file.storyboard; name = Base; path = Base.lproj/Main.storyboard; sourceTree = "<group>"; };
		5CC62CBA231FA23D00A0F4E3 /* Assets.xcassets */ = {isa = PBXFileReference; lastKnownFileType = folder.assetcatalog; path = Assets.xcassets; sourceTree = "<group>"; };
		5CC62CBD231FA23D00A0F4E3 /* Base */ = {isa = PBXFileReference; lastKnownFileType = file.storyboard; name = Base; path = Base.lproj/LaunchScreen.storyboard; sourceTree = "<group>"; };
		5CC62CBF231FA23D00A0F4E3 /* Info.plist */ = {isa = PBXFileReference; lastKnownFileType = text.plist.xml; path = Info.plist; sourceTree = "<group>"; };
		5CC62CC9231FB6B800A0F4E3 /* Article.swift */ = {isa = PBXFileReference; lastKnownFileType = sourcecode.swift; path = Article.swift; sourceTree = "<group>"; };
		5CC62CCB231FB8FC00A0F4E3 /* ArticleViewController.swift */ = {isa = PBXFileReference; lastKnownFileType = sourcecode.swift; path = ArticleViewController.swift; sourceTree = "<group>"; };
		5CC62CCF231FBC6200A0F4E3 /* ArticleViewCell.swift */ = {isa = PBXFileReference; lastKnownFileType = sourcecode.swift; path = ArticleViewCell.swift; sourceTree = "<group>"; };
		5CC62CD0231FBC6200A0F4E3 /* ArticleViewCell.xib */ = {isa = PBXFileReference; lastKnownFileType = file.xib; path = ArticleViewCell.xib; sourceTree = "<group>"; };
		5CC62CD3231FF2D000A0F4E3 /* TestInternetConnection.swift */ = {isa = PBXFileReference; lastKnownFileType = sourcecode.swift; path = TestInternetConnection.swift; sourceTree = "<group>"; };
		A4AA9B3447EC61230655C26A /* Pods-MyNews.release.xcconfig */ = {isa = PBXFileReference; includeInIndex = 1; lastKnownFileType = text.xcconfig; name = "Pods-MyNews.release.xcconfig"; path = "Target Support Files/Pods-MyNews/Pods-MyNews.release.xcconfig"; sourceTree = "<group>"; };
		C3EE2E1958D0826DA345D83A /* Pods-MyNews.debug.xcconfig */ = {isa = PBXFileReference; includeInIndex = 1; lastKnownFileType = text.xcconfig; name = "Pods-MyNews.debug.xcconfig"; path = "Target Support Files/Pods-MyNews/Pods-MyNews.debug.xcconfig"; sourceTree = "<group>"; };
/* End PBXFileReference section */

/* Begin PBXFrameworksBuildPhase section */
		5CC62CAB231FA23B00A0F4E3 /* Frameworks */ = {
			isa = PBXFrameworksBuildPhase;
			buildActionMask = 2147483647;
			files = (
				87776440D3B3CA68A5845B2E /* Pods_MyNews.framework in Frameworks */,
			);
			runOnlyForDeploymentPostprocessing = 0;
		};
/* End PBXFrameworksBuildPhase section */

/* Begin PBXGroup section */
		5CC62CA5231FA23B00A0F4E3 = {
			isa = PBXGroup;
			children = (
				5CC62CB0231FA23B00A0F4E3 /* MyNews */,
				5CC62CD523200CA800A0F4E3 /* NONeed */,
				5CC62CAF231FA23B00A0F4E3 /* Products */,
				9DB3A3ED05102DA81C56FF0D /* Pods */,
				F871B206599081D7101F5E48 /* Frameworks */,
			);
			sourceTree = "<group>";
		};
		5CC62CAF231FA23B00A0F4E3 /* Products */ = {
			isa = PBXGroup;
			children = (
				5CC62CAE231FA23B00A0F4E3 /* MyNews.app */,
			);
			name = Products;
			sourceTree = "<group>";
		};
		5CC62CB0231FA23B00A0F4E3 /* MyNews */ = {
			isa = PBXGroup;
			children = (
				5CC62CC8231FB69700A0F4E3 /* Controllers */,
				5CC62CC6231FB66D00A0F4E3 /* Model */,
				5CC62CC5231FB66400A0F4E3 /* View */,
				5CC62CB1231FA23B00A0F4E3 /* AppDelegate.swift */,
				5CC62CBA231FA23D00A0F4E3 /* Assets.xcassets */,
				5CC62CBC231FA23D00A0F4E3 /* LaunchScreen.storyboard */,
				5CC62CBF231FA23D00A0F4E3 /* Info.plist */,
			);
			path = MyNews;
			sourceTree = "<group>";
		};
		5CC62CC5231FB66400A0F4E3 /* View */ = {
			isa = PBXGroup;
			children = (
				5CC62CCF231FBC6200A0F4E3 /* ArticleViewCell.swift */,
				5CC62CD0231FBC6200A0F4E3 /* ArticleViewCell.xib */,
				5CC62CB7231FA23B00A0F4E3 /* Main.storyboard */,
			);
			path = View;
			sourceTree = "<group>";
		};
		5CC62CC6231FB66D00A0F4E3 /* Model */ = {
			isa = PBXGroup;
			children = (
				5CC62CC9231FB6B800A0F4E3 /* Article.swift */,
			);
			path = Model;
			sourceTree = "<group>";
		};
		5CC62CC8231FB69700A0F4E3 /* Controllers */ = {
			isa = PBXGroup;
			children = (
				5CC62CB5231FA23B00A0F4E3 /* NewsViewController.swift */,
				5CC62CCB231FB8FC00A0F4E3 /* ArticleViewController.swift */,
			);
			path = Controllers;
			sourceTree = "<group>";
		};
		5CC62CD523200CA800A0F4E3 /* NONeed */ = {
			isa = PBXGroup;
			children = (
				5CC62CD3231FF2D000A0F4E3 /* TestInternetConnection.swift */,
				5CC62CB3231FA23B00A0F4E3 /* SceneDelegate.swift */,
			);
			path = NONeed;
			sourceTree = "<group>";
		};
		9DB3A3ED05102DA81C56FF0D /* Pods */ = {
			isa = PBXGroup;
			children = (
				C3EE2E1958D0826DA345D83A /* Pods-MyNews.debug.xcconfig */,
				A4AA9B3447EC61230655C26A /* Pods-MyNews.release.xcconfig */,
			);
			path = Pods;
			sourceTree = "<group>";
		};
		F871B206599081D7101F5E48 /* Frameworks */ = {
			isa = PBXGroup;
			children = (
				01DC16C571FB8F6495D9B440 /* Pods_MyNews.framework */,
			);
			name = Frameworks;
			sourceTree = "<group>";
		};
/* End PBXGroup section */

/* Begin PBXNativeTarget section */
		5CC62CAD231FA23B00A0F4E3 /* MyNews */ = {
			isa = PBXNativeTarget;
			buildConfigurationList = 5CC62CC2231FA23D00A0F4E3 /* Build configuration list for PBXNativeTarget "MyNews" */;
			buildPhases = (
				86C83E395C445376A9B6A102 /* [CP] Check Pods Manifest.lock */,
				5CC62CAA231FA23B00A0F4E3 /* Sources */,
				5CC62CAB231FA23B00A0F4E3 /* Frameworks */,
				5CC62CAC231FA23B00A0F4E3 /* Resources */,
				2C4AFF5F6C7AF18DBF39137E /* [CP] Embed Pods Frameworks */,
			);
			buildRules = (
			);
			dependencies = (
			);
			name = MyNews;
			productName = MyNews;
			productReference = 5CC62CAE231FA23B00A0F4E3 /* MyNews.app */;
			productType = "com.apple.product-type.application";
		};
/* End PBXNativeTarget section */

/* Begin PBXProject section */
		5CC62CA6231FA23B00A0F4E3 /* Project object */ = {
			isa = PBXProject;
			attributes = {
				LastSwiftUpdateCheck = 1100;
				LastUpgradeCheck = 1100;
				ORGANIZATIONNAME = "Надежда Морозова";
				TargetAttributes = {
					5CC62CAD231FA23B00A0F4E3 = {
						CreatedOnToolsVersion = 11.0;
					};
				};
			};
			buildConfigurationList = 5CC62CA9231FA23B00A0F4E3 /* Build configuration list for PBXProject "MyNews" */;
			compatibilityVersion = "Xcode 9.3";
			developmentRegion = en;
			hasScannedForEncodings = 0;
			knownRegions = (
				en,
				Base,
			);
			mainGroup = 5CC62CA5231FA23B00A0F4E3;
			productRefGroup = 5CC62CAF231FA23B00A0F4E3 /* Products */;
			projectDirPath = "";
			projectRoot = "";
			targets = (
				5CC62CAD231FA23B00A0F4E3 /* MyNews */,
			);
		};
/* End PBXProject section */

/* Begin PBXResourcesBuildPhase section */
		5CC62CAC231FA23B00A0F4E3 /* Resources */ = {
			isa = PBXResourcesBuildPhase;
			buildActionMask = 2147483647;
			files = (
				5CC62CBE231FA23D00A0F4E3 /* LaunchScreen.storyboard in Resources */,
				5CC62CBB231FA23D00A0F4E3 /* Assets.xcassets in Resources */,
				5CC62CB9231FA23B00A0F4E3 /* Main.storyboard in Resources */,
				5CC62CD2231FBC6200A0F4E3 /* ArticleViewCell.xib in Resources */,
			);
			runOnlyForDeploymentPostprocessing = 0;
		};
/* End PBXResourcesBuildPhase section */

/* Begin PBXShellScriptBuildPhase section */
		2C4AFF5F6C7AF18DBF39137E /* [CP] Embed Pods Frameworks */ = {
			isa = PBXShellScriptBuildPhase;
			buildActionMask = 2147483647;
			files = (
			);
			inputFileListPaths = (
				"${PODS_ROOT}/Target Support Files/Pods-MyNews/Pods-MyNews-frameworks-${CONFIGURATION}-input-files.xcfilelist",
			);
			name = "[CP] Embed Pods Frameworks";
			outputFileListPaths = (
				"${PODS_ROOT}/Target Support Files/Pods-MyNews/Pods-MyNews-frameworks-${CONFIGURATION}-output-files.xcfilelist",
			);
			runOnlyForDeploymentPostprocessing = 0;
			shellPath = /bin/sh;
			shellScript = "\"${PODS_ROOT}/Target Support Files/Pods-MyNews/Pods-MyNews-frameworks.sh\"\n";
			showEnvVarsInLog = 0;
		};
		86C83E395C445376A9B6A102 /* [CP] Check Pods Manifest.lock */ = {
			isa = PBXShellScriptBuildPhase;
			buildActionMask = 2147483647;
			files = (
			);
			inputFileListPaths = (
			);
			inputPaths = (
				"${PODS_PODFILE_DIR_PATH}/Podfile.lock",
				"${PODS_ROOT}/Manifest.lock",
			);
			name = "[CP] Check Pods Manifest.lock";
			outputFileListPaths = (
			);
			outputPaths = (
				"$(DERIVED_FILE_DIR)/Pods-MyNews-checkManifestLockResult.txt",
			);
			runOnlyForDeploymentPostprocessing = 0;
			shellPath = /bin/sh;
			shellScript = "diff \"${PODS_PODFILE_DIR_PATH}/Podfile.lock\" \"${PODS_ROOT}/Manifest.lock\" > /dev/null\nif [ $? != 0 ] ; then\n    # print error to STDERR\n    echo \"error: The sandbox is not in sync with the Podfile.lock. Run 'pod install' or update your CocoaPods installation.\" >&2\n    exit 1\nfi\n# This output is used by Xcode 'outputs' to avoid re-running this script phase.\necho \"SUCCESS\" > \"${SCRIPT_OUTPUT_FILE_0}\"\n";
			showEnvVarsInLog = 0;
		};
/* End PBXShellScriptBuildPhase section */

/* Begin PBXSourcesBuildPhase section */
		5CC62CAA231FA23B00A0F4E3 /* Sources */ = {
			isa = PBXSourcesBuildPhase;
			buildActionMask = 2147483647;
			files = (
				5CC62CCA231FB6B800A0F4E3 /* Article.swift in Sources */,
				5CC62CD1231FBC6200A0F4E3 /* ArticleViewCell.swift in Sources */,
				5CC62CD4231FF2D000A0F4E3 /* TestInternetConnection.swift in Sources */,
				5CC62CB6231FA23B00A0F4E3 /* NewsViewController.swift in Sources */,
				5CC62CCC231FB8FC00A0F4E3 /* ArticleViewController.swift in Sources */,
				5CC62CB2231FA23B00A0F4E3 /* AppDelegate.swift in Sources */,
				5CC62CB4231FA23B00A0F4E3 /* SceneDelegate.swift in Sources */,
			);
			runOnlyForDeploymentPostprocessing = 0;
		};
/* End PBXSourcesBuildPhase section */

/* Begin PBXVariantGroup section */
		5CC62CB7231FA23B00A0F4E3 /* Main.storyboard */ = {
			isa = PBXVariantGroup;
			children = (
				5CC62CB8231FA23B00A0F4E3 /* Base */,
			);
			name = Main.storyboard;
			sourceTree = "<group>";
		};
		5CC62CBC231FA23D00A0F4E3 /* LaunchScreen.storyboard */ = {
			isa = PBXVariantGroup;
			children = (
				5CC62CBD231FA23D00A0F4E3 /* Base */,
			);
			name = LaunchScreen.storyboard;
			sourceTree = "<group>";
		};
/* End PBXVariantGroup section */

/* Begin XCBuildConfiguration section */
		5CC62CC0231FA23D00A0F4E3 /* Debug */ = {
			isa = XCBuildConfiguration;
			buildSettings = {
				ALWAYS_SEARCH_USER_PATHS = NO;
				CLANG_ANALYZER_NONNULL = YES;
				CLANG_ANALYZER_NUMBER_OBJECT_CONVERSION = YES_AGGRESSIVE;
				CLANG_CXX_LANGUAGE_STANDARD = "gnu++14";
				CLANG_CXX_LIBRARY = "libc++";
				CLANG_ENABLE_MODULES = YES;
				CLANG_ENABLE_OBJC_ARC = YES;
				CLANG_ENABLE_OBJC_WEAK = YES;
				CLANG_WARN_BLOCK_CAPTURE_AUTORELEASING = YES;
				CLANG_WARN_BOOL_CONVERSION = YES;
				CLANG_WARN_COMMA = YES;
				CLANG_WARN_CONSTANT_CONVERSION = YES;
				CLANG_WARN_DEPRECATED_OBJC_IMPLEMENTATIONS = YES;
				CLANG_WARN_DIRECT_OBJC_ISA_USAGE = YES_ERROR;
				CLANG_WARN_DOCUMENTATION_COMMENTS = YES;
				CLANG_WARN_EMPTY_BODY = YES;
				CLANG_WARN_ENUM_CONVERSION = YES;
				CLANG_WARN_INFINITE_RECURSION = YES;
				CLANG_WARN_INT_CONVERSION = YES;
				CLANG_WARN_NON_LITERAL_NULL_CONVERSION = YES;
				CLANG_WARN_OBJC_IMPLICIT_RETAIN_SELF = YES;
				CLANG_WARN_OBJC_LITERAL_CONVERSION = YES;
				CLANG_WARN_OBJC_ROOT_CLASS = YES_ERROR;
				CLANG_WARN_RANGE_LOOP_ANALYSIS = YES;
				CLANG_WARN_STRICT_PROTOTYPES = YES;
				CLANG_WARN_SUSPICIOUS_MOVE = YES;
				CLANG_WARN_UNGUARDED_AVAILABILITY = YES_AGGRESSIVE;
				CLANG_WARN_UNREACHABLE_CODE = YES;
				CLANG_WARN__DUPLICATE_METHOD_MATCH = YES;
				COPY_PHASE_STRIP = NO;
				DEBUG_INFORMATION_FORMAT = dwarf;
				ENABLE_STRICT_OBJC_MSGSEND = YES;
				ENABLE_TESTABILITY = YES;
				GCC_C_LANGUAGE_STANDARD = gnu11;
				GCC_DYNAMIC_NO_PIC = NO;
				GCC_NO_COMMON_BLOCKS = YES;
				GCC_OPTIMIZATION_LEVEL = 0;
				GCC_PREPROCESSOR_DEFINITIONS = (
					"DEBUG=1",
					"$(inherited)",
				);
				GCC_WARN_64_TO_32_BIT_CONVERSION = YES;
				GCC_WARN_ABOUT_RETURN_TYPE = YES_ERROR;
				GCC_WARN_UNDECLARED_SELECTOR = YES;
				GCC_WARN_UNINITIALIZED_AUTOS = YES_AGGRESSIVE;
				GCC_WARN_UNUSED_FUNCTION = YES;
				GCC_WARN_UNUSED_VARIABLE = YES;
				IPHONEOS_DEPLOYMENT_TARGET = 13.0;
				MTL_ENABLE_DEBUG_INFO = INCLUDE_SOURCE;
				MTL_FAST_MATH = YES;
				ONLY_ACTIVE_ARCH = YES;
				SDKROOT = iphoneos;
				SWIFT_ACTIVE_COMPILATION_CONDITIONS = DEBUG;
				SWIFT_OPTIMIZATION_LEVEL = "-Onone";
			};
			name = Debug;
		};
		5CC62CC1231FA23D00A0F4E3 /* Release */ = {
			isa = XCBuildConfiguration;
			buildSettings = {
				ALWAYS_SEARCH_USER_PATHS = NO;
				CLANG_ANALYZER_NONNULL = YES;
				CLANG_ANALYZER_NUMBER_OBJECT_CONVERSION = YES_AGGRESSIVE;
				CLANG_CXX_LANGUAGE_STANDARD = "gnu++14";
				CLANG_CXX_LIBRARY = "libc++";
				CLANG_ENABLE_MODULES = YES;
				CLANG_ENABLE_OBJC_ARC = YES;
				CLANG_ENABLE_OBJC_WEAK = YES;
				CLANG_WARN_BLOCK_CAPTURE_AUTORELEASING = YES;
				CLANG_WARN_BOOL_CONVERSION = YES;
				CLANG_WARN_COMMA = YES;
				CLANG_WARN_CONSTANT_CONVERSION = YES;
				CLANG_WARN_DEPRECATED_OBJC_IMPLEMENTATIONS = YES;
				CLANG_WARN_DIRECT_OBJC_ISA_USAGE = YES_ERROR;
				CLANG_WARN_DOCUMENTATION_COMMENTS = YES;
				CLANG_WARN_EMPTY_BODY = YES;
				CLANG_WARN_ENUM_CONVERSION = YES;
				CLANG_WARN_INFINITE_RECURSION = YES;
				CLANG_WARN_INT_CONVERSION = YES;
				CLANG_WARN_NON_LITERAL_NULL_CONVERSION = YES;
				CLANG_WARN_OBJC_IMPLICIT_RETAIN_SELF = YES;
				CLANG_WARN_OBJC_LITERAL_CONVERSION = YES;
				CLANG_WARN_OBJC_ROOT_CLASS = YES_ERROR;
				CLANG_WARN_RANGE_LOOP_ANALYSIS = YES;
				CLANG_WARN_STRICT_PROTOTYPES = YES;
				CLANG_WARN_SUSPICIOUS_MOVE = YES;
				CLANG_WARN_UNGUARDED_AVAILABILITY = YES_AGGRESSIVE;
				CLANG_WARN_UNREACHABLE_CODE = YES;
				CLANG_WARN__DUPLICATE_METHOD_MATCH = YES;
				COPY_PHASE_STRIP = NO;
				DEBUG_INFORMATION_FORMAT = "dwarf-with-dsym";
				ENABLE_NS_ASSERTIONS = NO;
				ENABLE_STRICT_OBJC_MSGSEND = YES;
				GCC_C_LANGUAGE_STANDARD = gnu11;
				GCC_NO_COMMON_BLOCKS = YES;
				GCC_WARN_64_TO_32_BIT_CONVERSION = YES;
				GCC_WARN_ABOUT_RETURN_TYPE = YES_ERROR;
				GCC_WARN_UNDECLARED_SELECTOR = YES;
				GCC_WARN_UNINITIALIZED_AUTOS = YES_AGGRESSIVE;
				GCC_WARN_UNUSED_FUNCTION = YES;
				GCC_WARN_UNUSED_VARIABLE = YES;
				IPHONEOS_DEPLOYMENT_TARGET = 13.0;
				MTL_ENABLE_DEBUG_INFO = NO;
				MTL_FAST_MATH = YES;
				SDKROOT = iphoneos;
				SWIFT_COMPILATION_MODE = wholemodule;
				SWIFT_OPTIMIZATION_LEVEL = "-O";
				VALIDATE_PRODUCT = YES;
			};
			name = Release;
		};
		5CC62CC3231FA23D00A0F4E3 /* Debug */ = {
			isa = XCBuildConfiguration;
			baseConfigurationReference = C3EE2E1958D0826DA345D83A /* Pods-MyNews.debug.xcconfig */;
			buildSettings = {
				ASSETCATALOG_COMPILER_APPICON_NAME = AppIcon;
				CODE_SIGN_STYLE = Automatic;
				DEVELOPMENT_TEAM = CK2HZ2R8CF;
				INFOPLIST_FILE = MyNews/Info.plist;
				LD_RUNPATH_SEARCH_PATHS = (
					"$(inherited)",
					"@executable_path/Frameworks",
				);
				PRODUCT_BUNDLE_IDENTIFIER = Nadia.MyNews;
				PRODUCT_NAME = "$(TARGET_NAME)";
				SWIFT_VERSION = 5.0;
				TARGETED_DEVICE_FAMILY = "1,2";
			};
			name = Debug;
		};
		5CC62CC4231FA23D00A0F4E3 /* Release */ = {
			isa = XCBuildConfiguration;
			baseConfigurationReference = A4AA9B3447EC61230655C26A /* Pods-MyNews.release.xcconfig */;
			buildSettings = {
				ASSETCATALOG_COMPILER_APPICON_NAME = AppIcon;
				CODE_SIGN_STYLE = Automatic;
				DEVELOPMENT_TEAM = CK2HZ2R8CF;
				INFOPLIST_FILE = MyNews/Info.plist;
				LD_RUNPATH_SEARCH_PATHS = (
					"$(inherited)",
					"@executable_path/Frameworks",
				);
				PRODUCT_BUNDLE_IDENTIFIER = Nadia.MyNews;
				PRODUCT_NAME = "$(TARGET_NAME)";
				SWIFT_VERSION = 5.0;
				TARGETED_DEVICE_FAMILY = "1,2";
			};
			name = Release;
		};
/* End XCBuildConfiguration section */

/* Begin XCConfigurationList section */
		5CC62CA9231FA23B00A0F4E3 /* Build configuration list for PBXProject "MyNews" */ = {
			isa = XCConfigurationList;
			buildConfigurations = (
				5CC62CC0231FA23D00A0F4E3 /* Debug */,
				5CC62CC1231FA23D00A0F4E3 /* Release */,
			);
			defaultConfigurationIsVisible = 0;
			defaultConfigurationName = Release;
		};
		5CC62CC2231FA23D00A0F4E3 /* Build configuration list for PBXNativeTarget "MyNews" */ = {
			isa = XCConfigurationList;
			buildConfigurations = (
				5CC62CC3231FA23D00A0F4E3 /* Debug */,
				5CC62CC4231FA23D00A0F4E3 /* Release */,
			);
			defaultConfigurationIsVisible = 0;
			defaultConfigurationName = Release;
		};
/* End XCConfigurationList section */
	};
	rootObject = 5CC62CA6231FA23B00A0F4E3 /* Project object */;
}
